
Microsoft Visual Studio Solution File, Format Version 12.00
# Visual Studio Version 16
VisualStudioVersion = 16.0.29403.142
MinimumVisualStudioVersion = 10.0.40219.1
Project("{FAE04EC0-301F-11D3-BF4B-00C04F79EFBC}") = "MVC-Product", "MVC-Product\MVC-Product.csproj", "{C7A36D1A-B2B5-426D-818A-98B2FD39C57F}"
EndProject
Global
	GlobalSection(SolutionConfigurationPlatforms) = preSolution
		Debug|Any CPU = Debug|Any CPU
		Release|Any CPU = Release|Any CPU
	EndGlobalSection
	GlobalSection(ProjectConfigurationPlatforms) = postSolution
		{C7A36D1A-B2B5-426D-818A-98B2FD39C57F}.Debug|Any CPU.ActiveCfg = Debug|Any CPU
		{C7A36D1A-B2B5-426D-818A-98B2FD39C57F}.Debug|Any CPU.Build.0 = Debug|Any CPU
		{C7A36D1A-B2B5-426D-818A-98B2FD39C57F}.Release|Any CPU.ActiveCfg = Release|Any CPU
		{C7A36D1A-B2B5-426D-818A-98B2FD39C57F}.Release|Any CPU.Build.0 = Release|Any CPU
	EndGlobalSection
	GlobalSection(SolutionProperties) = preSolution
		HideSolutionNode = FALSE
	EndGlobalSection
	GlobalSection(ExtensibilityGlobals) = postSolution
		SolutionGuid = {A46DA2A2-12C2-430E-BA21-240E96765389}
	EndGlobalSection
EndGlobal
